dependencies:
  atanisoft/esp_lcd_ili9488:
    component_hash: 7d649c3d78204fe27d398775c2f26362b010a13fb34580aedeed6e77e8d2074a
    dependencies:
    - name: idf
      require: private
      version: '>=4.4.2'
    source:
      registry_url: https://components.espressif.com/
      type: service
    version: 1.0.11
  espressif/cmake_utilities:
    component_hash: 351350613ceafba240b761b4ea991e0f231ac7a9f59a9ee901f751bddc0bb18f
    dependencies:
    - name: idf
      require: private
      version: '>=4.1'
    source:
      registry_url: https://components.espressif.com
      type: service
    version: 0.5.3
  espressif/esp_lcd_ili9341:
    component_hash: c6b96c14fa22ab9b80251812f7dbd7dd1b255ccd68abb0cef97a276df711a4ec
    dependencies:
    - name: idf
      require: private
      version: '>=4.4'
    - name: espressif/cmake_utilities
      registry_url: https://components.espressif.com
      require: private
      version: 0.*
    source:
      registry_url: https://components.espressif.com/
      type: service
    version: 2.0.0
  idf:
    source:
      type: idf
    version: 5.5.0
  lvgl/lvgl:
    component_hash: 77ce3a05acc0f9709986d61ab2655f6e15c5803f8866aa7fe94a6cfeee6c0cd1
    dependencies: []
    source:
      registry_url: https://components.espressif.com
      type: service
    version: 7.11.0
  lvgl/lvgl_esp32_drivers:
    component_hash: 8af46443f02692ce89c107eb0203a3d9e005407c478062f1ccde39ead2481282
    dependencies:
    - name: lvgl/lvgl
      registry_url: https://components.espressif.com
      require: public
      version: ==7.11.0
    - name: idf
      require: private
      version: '>=4.1'
    source:
      registry_url: https://components.espressif.com/
      type: service
    version: 0.0.3
direct_dependencies:
- atanisoft/esp_lcd_ili9488
- espressif/esp_lcd_ili9341
- idf
- lvgl/lvgl_esp32_drivers
manifest_hash: ef073f3bf39235056b8c2af7377b2d4312f6bf20be3c6e59c182d91536c83ef8
target: esp32
version: 2.0.0
